
Microsoft Visual Studio Solution File, Format Version 12.00
# Visual Studio Version 17
VisualStudioVersion = 17.9.34622.214
MinimumVisualStudioVersion = 10.0.40219.1
Project("{2150E333-8FDC-42A3-9474-1A3956D46DE8}") = "02 - Modificadores", "02 - Modificadores", "{7DC9AAD7-705D-4840-86D6-783BB954BEDE}"
EndProject
Project("{9A19103F-16F7-4668-BE54-9A1E7A4F7556}") = "ProjetoA", "Modificadores\ProjetoA\ProjetoA.csproj", "{C5C0B7AA-BAB6-4F1E-AF7A-82771114AC28}"
EndProject
Project("{2150E333-8FDC-42A3-9474-1A3956D46DE8}") = "04 - DependencyInjection", "04 - DependencyInjection", "{B42C173D-8C2A-46B2-8BB3-EF42EAB8B42F}"
EndProject
Project("{9A19103F-16F7-4668-BE54-9A1E7A4F7556}") = "ProjetoB", "Modificadores\ProjetoB\ProjetoB.csproj", "{C739ACDF-695F-45EA-B326-D4AA916FED8B}"
EndProject
Project("{2150E333-8FDC-42A3-9474-1A3956D46DE8}") = "01 - OOP", "01 - OOP", "{DFF19C66-109C-4E69-8DB4-F26121374293}"
EndProject
Project("{9A19103F-16F7-4668-BE54-9A1E7A4F7556}") = "OOP", "OOP\OOP.csproj", "{885A1CB4-B3AD-43F1-931E-BA3CBD386652}"
EndProject
Project("{2150E333-8FDC-42A3-9474-1A3956D46DE8}") = "03 - SOLID", "03 - SOLID", "{84691B67-B7B4-4AAE-9430-E0259BBF2E1C}"
EndProject
Project("{9A19103F-16F7-4668-BE54-9A1E7A4F7556}") = "SOLID", "SOLID\SOLID.csproj", "{9497DAFF-A6BB-4E9E-BA7F-A620B836BFFC}"
EndProject
Project("{FAE04EC0-301F-11D3-BF4B-00C04F79EFBC}") = "DI", "DI\DI.csproj", "{C5A43C8F-F4F5-48DC-87D4-E22BF9C7C0FB}"
EndProject
Global
	GlobalSection(SolutionConfigurationPlatforms) = preSolution
		Debug|Any CPU = Debug|Any CPU
		Release|Any CPU = Release|Any CPU
	EndGlobalSection
	GlobalSection(ProjectConfigurationPlatforms) = postSolution
		{C5C0B7AA-BAB6-4F1E-AF7A-82771114AC28}.Debug|Any CPU.ActiveCfg = Debug|Any CPU
		{C5C0B7AA-BAB6-4F1E-AF7A-82771114AC28}.Debug|Any CPU.Build.0 = Debug|Any CPU
		{C5C0B7AA-BAB6-4F1E-AF7A-82771114AC28}.Release|Any CPU.ActiveCfg = Release|Any CPU
		{C5C0B7AA-BAB6-4F1E-AF7A-82771114AC28}.Release|Any CPU.Build.0 = Release|Any CPU
		{C739ACDF-695F-45EA-B326-D4AA916FED8B}.Debug|Any CPU.ActiveCfg = Debug|Any CPU
		{C739ACDF-695F-45EA-B326-D4AA916FED8B}.Debug|Any CPU.Build.0 = Debug|Any CPU
		{C739ACDF-695F-45EA-B326-D4AA916FED8B}.Release|Any CPU.ActiveCfg = Release|Any CPU
		{C739ACDF-695F-45EA-B326-D4AA916FED8B}.Release|Any CPU.Build.0 = Release|Any CPU
		{885A1CB4-B3AD-43F1-931E-BA3CBD386652}.Debug|Any CPU.ActiveCfg = Debug|Any CPU
		{885A1CB4-B3AD-43F1-931E-BA3CBD386652}.Debug|Any CPU.Build.0 = Debug|Any CPU
		{885A1CB4-B3AD-43F1-931E-BA3CBD386652}.Release|Any CPU.ActiveCfg = Release|Any CPU
		{885A1CB4-B3AD-43F1-931E-BA3CBD386652}.Release|Any CPU.Build.0 = Release|Any CPU
		{9497DAFF-A6BB-4E9E-BA7F-A620B836BFFC}.Debug|Any CPU.ActiveCfg = Debug|Any CPU
		{9497DAFF-A6BB-4E9E-BA7F-A620B836BFFC}.Debug|Any CPU.Build.0 = Debug|Any CPU
		{9497DAFF-A6BB-4E9E-BA7F-A620B836BFFC}.Release|Any CPU.ActiveCfg = Release|Any CPU
		{9497DAFF-A6BB-4E9E-BA7F-A620B836BFFC}.Release|Any CPU.Build.0 = Release|Any CPU
		{C5A43C8F-F4F5-48DC-87D4-E22BF9C7C0FB}.Debug|Any CPU.ActiveCfg = Debug|Any CPU
		{C5A43C8F-F4F5-48DC-87D4-E22BF9C7C0FB}.Debug|Any CPU.Build.0 = Debug|Any CPU
		{C5A43C8F-F4F5-48DC-87D4-E22BF9C7C0FB}.Release|Any CPU.ActiveCfg = Release|Any CPU
		{C5A43C8F-F4F5-48DC-87D4-E22BF9C7C0FB}.Release|Any CPU.Build.0 = Release|Any CPU
	EndGlobalSection
	GlobalSection(SolutionProperties) = preSolution
		HideSolutionNode = FALSE
	EndGlobalSection
	GlobalSection(NestedProjects) = preSolution
		{C5C0B7AA-BAB6-4F1E-AF7A-82771114AC28} = {7DC9AAD7-705D-4840-86D6-783BB954BEDE}
		{C739ACDF-695F-45EA-B326-D4AA916FED8B} = {7DC9AAD7-705D-4840-86D6-783BB954BEDE}
		{885A1CB4-B3AD-43F1-931E-BA3CBD386652} = {DFF19C66-109C-4E69-8DB4-F26121374293}
		{9497DAFF-A6BB-4E9E-BA7F-A620B836BFFC} = {84691B67-B7B4-4AAE-9430-E0259BBF2E1C}
		{C5A43C8F-F4F5-48DC-87D4-E22BF9C7C0FB} = {B42C173D-8C2A-46B2-8BB3-EF42EAB8B42F}
	EndGlobalSection
	GlobalSection(ExtensibilityGlobals) = postSolution
		SolutionGuid = {50383FF2-0DD6-4D67-9A0B-ED2E65ACF1A1}
	EndGlobalSection
EndGlobal
